
Microsoft Visual Studio Solution File, Format Version 12.00
# Visual Studio Version 17
VisualStudioVersion = 17.11.35327.3
MinimumVisualStudioVersion = 10.0.40219.1
Project("{FAE04EC0-301F-11D3-BF4B-00C04F79EFBC}") = "RestForCD12", "RestForCD12\RestForCD12.csproj", "{573D39B2-D665-49F9-9EE2-CA38BFCF9922}"
EndProject
Global
	GlobalSection(SolutionConfigurationPlatforms) = preSolution
		Debug|Any CPU = Debug|Any CPU
		Release|Any CPU = Release|Any CPU
	EndGlobalSection
	GlobalSection(ProjectConfigurationPlatforms) = postSolution
		{573D39B2-D665-49F9-9EE2-CA38BFCF9922}.Debug|Any CPU.ActiveCfg = Debug|Any CPU
		{573D39B2-D665-49F9-9EE2-CA38BFCF9922}.Debug|Any CPU.Build.0 = Debug|Any CPU
		{573D39B2-D665-49F9-9EE2-CA38BFCF9922}.Release|Any CPU.ActiveCfg = Release|Any CPU
		{573D39B2-D665-49F9-9EE2-CA38BFCF9922}.Release|Any CPU.Build.0 = Release|Any CPU
	EndGlobalSection
	GlobalSection(SolutionProperties) = preSolution
		HideSolutionNode = FALSE
	EndGlobalSection
	GlobalSection(ExtensibilityGlobals) = postSolution
		SolutionGuid = {BF2DF23D-9EAC-4750-AFCD-1B6862B56E29}
	EndGlobalSection
EndGlobal
